{
  "version": 4,
  "terraform_version": "1.2.3",
  "serial": 265,
  "lineage": "8fb14fc2-4a5d-4443-c8b4-f6139d11c846",
  "outputs": {
    "app_private_ip": {
      "value": "10.0.1.194",
      "type": "string"
    },
    "bastion_public_ip": {
      "value": "150.136.75.49",
      "type": "string"
    },
    "lb_public_ip": {
      "value": "141.148.54.205",
      "type": "string"
    },
    "monitoring_private_ip": {
      "value": "10.0.3.94",
      "type": "string"
    },
    "monitoring_public_ip": {
      "value": "150.136.100.15",
      "type": "string"
    }
  },
  "resources": [
    {
      "mode": "data",
      "type": "oci_identity_availability_domains",
      "name": "ads",
      "provider": "provider[\"registry.terraform.io/hashicorp/oci\"]",
      "instances": [
        {
          "schema_version": 0,
          "attributes": {
            "availability_domains": [
              {
                "compartment_id": "ocid1.tenancy.oc1..aaaaaaaaqiz3fvwylh562q5clh7wnlf5anngoniuqqfmzarr6ew3kh5szppq",
                "id": "ocid1.availabilitydomain.oc1..aaaaaaaaztunlny6ae4yw2vghp5go2zceaonwp6wiioe3tnh2vlaxjjl2n3a",
                "name": "vSmv:US-ASHBURN-AD-1"
              },
              {
                "compartment_id": "ocid1.tenancy.oc1..aaaaaaaaqiz3fvwylh562q5clh7wnlf5anngoniuqqfmzarr6ew3kh5szppq",
                "id": "ocid1.availabilitydomain.oc1..aaaaaaaatrwxaogr7dl4yschqtrmqrdv6uzis3mgbnomiagqrfhcb7mxsfdq",
                "name": "vSmv:US-ASHBURN-AD-2"
              },
              {
                "compartment_id": "ocid1.tenancy.oc1..aaaaaaaaqiz3fvwylh562q5clh7wnlf5anngoniuqqfmzarr6ew3kh5szppq",
                "id": "ocid1.availabilitydomain.oc1..aaaaaaaauvt2n7pijol7uqgdnnsoojcukrijtmcltvfwxazmitk235wyohta",
                "name": "vSmv:US-ASHBURN-AD-3"
              }
            ],
            "compartment_id": "ocid1.tenancy.oc1..aaaaaaaaqiz3fvwylh562q5clh7wnlf5anngoniuqqfmzarr6ew3kh5szppq",
            "filter": null,
            "id": "IdentityAvailabilityDomainsDataSource-3202709517"
          },
          "sensitive_attributes": []
        }
      ]
    },
    {
      "mode": "managed",
      "type": "oci_core_instance",
      "name": "app-compute",
      "provider": "provider[\"registry.terraform.io/hashicorp/oci\"]",
      "instances": [
        {
          "schema_version": 0,
          "attributes": {
            "agent_config": [
              {
                "are_all_plugins_disabled": false,
                "is_management_disabled": false,
                "is_monitoring_disabled": false,
                "plugins_config": []
              }
            ],
            "async": null,
            "availability_config": [
              {
                "is_live_migration_preferred": false,
                "recovery_action": "RESTORE_INSTANCE"
              }
            ],
            "availability_domain": "vSmv:US-ASHBURN-AD-1",
            "boot_volume_id": "ocid1.bootvolume.oc1.iad.abuwcljsxex77sr2uwbfonvxyhrcdiooamfqonnu52wticvfbbat3cbjc2pq",
            "capacity_reservation_id": null,
            "compartment_id": "ocid1.compartment.oc1..aaaaaaaaiclmatlobogmjjxqipd6wpaolkyv6iejei5wjlkippmnd4bch4na",
            "compute_cluster_id": null,
            "create_vnic_details": [
              {
                "assign_private_dns_record": false,
                "assign_public_ip": "false",
                "defined_tags": {
                  "Oracle-Tags.CreatedBy": "default/manoharan.s@gmail.com",
                  "Oracle-Tags.CreatedOn": "2023-05-10T13:56:12.030Z"
                },
                "display_name": "app-host1",
                "freeform_tags": {},
                "hostname_label": "app-host1",
                "nsg_ids": [],
                "private_ip": "10.0.1.194",
                "skip_source_dest_check": false,
                "subnet_id": "ocid1.subnet.oc1.iad.aaaaaaaarq6a7tlsdw7uxzipi7tq63km5pu7uakccfp6n6jbya6tquab3tga",
                "vlan_id": ""
              }
            ],
            "dedicated_vm_host_id": null,
            "defined_tags": {
              "Oracle-Tags.CreatedBy": "default/manoharan.s@gmail.com",
              "Oracle-Tags.CreatedOn": "2023-05-10T13:56:11.839Z"
            },
            "display_name": "app-host1",
            "extended_metadata": {},
            "fault_domain": "FAULT-DOMAIN-1",
            "freeform_tags": {},
            "hostname_label": "app-host1",
            "id": "ocid1.instance.oc1.iad.anuwcljs2bnhjeacop6f7gk7razbwdhij2k67wqn4h2mb5rcpd5ot7f726ca",
            "image": "ocid1.image.oc1.iad.aaaaaaaalharp53tw6htht7hirwa5vohbu6td5ddhevsaidpeisspwmcm6fq",
            "instance_options": [
              {
                "are_legacy_imds_endpoints_disabled": false
              }
            ],
            "ipxe_script": null,
            "is_cross_numa_node": false,
            "is_pv_encryption_in_transit_enabled": null,
            "launch_mode": "PARAVIRTUALIZED",
            "launch_options": [
              {
                "boot_volume_type": "PARAVIRTUALIZED",
                "firmware": "UEFI_64",
                "is_consistent_volume_naming_enabled": true,
                "is_pv_encryption_in_transit_enabled": false,
                "network_type": "PARAVIRTUALIZED",
                "remote_data_volume_type": "PARAVIRTUALIZED"
              }
            ],
            "metadata": {
              "ssh_authorized_keys": "ssh-rsa AAAAB3NzaC1yc2EAAAADAQABAAABAQDKy11d1wmecuwhHiGS6JXzP0MA8Djvix22sVEN2VmAZ8hooup1He1Am0pUOog+R6ghUNwxG7YUgV4PRJXHJ1EbuVbo9ARm8L0L/Cp5qMEIjUKoBXxrkHFS9bAbIATndaKc61zP8te9nNuFwEiOh1JX5RKkARorAp6HWg/dU8lAz0oI2vNhGzgrJ3Zl5S/PxsVM/ERwchHks039eRnUQaL1q5cHd856jGb7GCKcgGeWP5eSa+tsbkfMYfMTfbu9N5tmFERsZvA6+dWO/Lhp4dSt74taQetR5qFK6XgfbZKxftPYK68ouLVguG4AA97N/4VdSR9XKWdQkxNq5S7u2PZT ssh-key-2023-05-07",
              "user_data": "IyEvYmluL2Jhc2gKI3l1bSB1cGRhdGUgLXkKeXVtIGluc3RhbGwgLXkgamRrMS44LmFhcmNoNjQKeXVtLWNvbmZpZy1tYW5hZ2VyIC0tYWRkLXJlcG89aHR0cHM6Ly9kb3dubG9hZC5kb2NrZXIuY29tL2xpbnV4L2NlbnRvcy9kb2NrZXItY2UucmVwbwp5dW0gaW5zdGFsbCAteSBkb2NrZXItY2UuYWFyY2g2NAoKc3lzdGVtY3RsIGVuYWJsZSBkb2NrZXIuc2VydmljZQpzeXN0ZW1jdGwgc3RhcnQgZG9ja2VyLnNlcnZpY2UKc3lzdGVtY3RsIHN0YXR1cyBkb2NrZXIuc2VydmljZQoKZG9ja2VyIHJ1biAtZCAtcCA4MDgwOjgwODAgLXAgODA4MTo4MDgxIG1hbm9oYXJhbjE1MC9oZWxsby13b3JsZGFwcAo="
            },
            "platform_config": [],
            "preemptible_instance_config": [],
            "preserve_boot_volume": false,
            "private_ip": "10.0.1.194",
            "public_ip": "",
            "region": "iad",
            "shape": "VM.Standard.A1.Flex",
            "shape_config": [
              {
                "baseline_ocpu_utilization": "",
                "gpu_description": "",
                "gpus": 0,
                "local_disk_description": "",
                "local_disks": 0,
                "local_disks_total_size_in_gbs": 0,
                "max_vnic_attachments": 2,
                "memory_in_gbs": 6,
                "networking_bandwidth_in_gbps": 1,
                "nvmes": 0,
                "ocpus": 1,
                "processor_description": "3.0 GHz Ampere® Altra™"
              }
            ],
            "source_details": [
              {
                "boot_volume_size_in_gbs": "47",
                "boot_volume_vpus_per_gb": "10",
                "kms_key_id": "",
                "source_id": "ocid1.image.oc1.iad.aaaaaaaalharp53tw6htht7hirwa5vohbu6td5ddhevsaidpeisspwmcm6fq",
                "source_type": "image"
              }
            ],
            "state": "RUNNING",
            "subnet_id": "ocid1.subnet.oc1.iad.aaaaaaaarq6a7tlsdw7uxzipi7tq63km5pu7uakccfp6n6jbya6tquab3tga",
            "system_tags": {},
            "time_created": "2023-05-10 13:56:12.505 +0000 UTC",
            "time_maintenance_reboot_due": "",
            "timeouts": null,
            "update_operation_constraint": null
          },
          "sensitive_attributes": [],
          "private": "eyJlMmJmYjczMC1lY2FhLTExZTYtOGY4OC0zNDM2M2JjN2M0YzAiOnsiY3JlYXRlIjoyNzAwMDAwMDAwMDAwLCJkZWxldGUiOjQ1MDAwMDAwMDAwMDAsInVwZGF0ZSI6MjcwMDAwMDAwMDAwMH19",
          "dependencies": [
            "data.oci_identity_availability_domains.ads",
            "oci_core_nat_gateway.nat_gateway",
            "oci_core_route_table.nat_gateway_route_table",
            "oci_core_security_list.app-security-list",
            "oci_core_subnet.vcn-app-private-subnet",
            "oci_core_vcn.vcn_main",
            "oci_identity_compartment.app_compartment",
            "oci_identity_compartment.network_compartment"
          ]
        }
      ]
    },
    {
      "mode": "managed",
      "type": "oci_core_instance",
      "name": "bastion-compute",
      "provider": "provider[\"registry.terraform.io/hashicorp/oci\"]",
      "instances": [
        {
          "schema_version": 0,
          "attributes": {
            "agent_config": [
              {
                "are_all_plugins_disabled": false,
                "is_management_disabled": false,
                "is_monitoring_disabled": false,
                "plugins_config": []
              }
            ],
            "async": null,
            "availability_config": [
              {
                "is_live_migration_preferred": false,
                "recovery_action": "RESTORE_INSTANCE"
              }
            ],
            "availability_domain": "vSmv:US-ASHBURN-AD-1",
            "boot_volume_id": "ocid1.bootvolume.oc1.iad.abuwcljsiclmkgeyrztoxunujybx2i3x55shlkploak7qq2aewb7g5unqq2a",
            "capacity_reservation_id": null,
            "compartment_id": "ocid1.compartment.oc1..aaaaaaaadourolmus3kndr2i5kkthjovaxsvd6rfazqrahjpvhvyugd67mha",
            "compute_cluster_id": null,
            "create_vnic_details": [
              {
                "assign_private_dns_record": false,
                "assign_public_ip": "true",
                "defined_tags": {
                  "Oracle-Tags.CreatedBy": "default/manoharan.s@gmail.com",
                  "Oracle-Tags.CreatedOn": "2023-05-10T13:56:08.674Z"
                },
                "display_name": "bastion-host1",
                "freeform_tags": {},
                "hostname_label": "bastion-host1",
                "nsg_ids": [],
                "private_ip": "172.168.0.3",
                "skip_source_dest_check": false,
                "subnet_id": "ocid1.subnet.oc1.iad.aaaaaaaad47ycpop6qdhhswkf3qp3u5qmiewo5xjppqtpi3yr4ovpzhh5laq",
                "vlan_id": ""
              }
            ],
            "dedicated_vm_host_id": null,
            "defined_tags": {
              "Oracle-Tags.CreatedBy": "default/manoharan.s@gmail.com",
              "Oracle-Tags.CreatedOn": "2023-05-10T13:56:08.469Z"
            },
            "display_name": "bastion-host1",
            "extended_metadata": {},
            "fault_domain": "FAULT-DOMAIN-1",
            "freeform_tags": {},
            "hostname_label": "bastion-host1",
            "id": "ocid1.instance.oc1.iad.anuwcljs2bnhjeac3r6iqthllhaxvunvfenrmptqt3ra2pv2q24aktlrkwaq",
            "image": "ocid1.image.oc1.iad.aaaaaaaalharp53tw6htht7hirwa5vohbu6td5ddhevsaidpeisspwmcm6fq",
            "instance_options": [
              {
                "are_legacy_imds_endpoints_disabled": false
              }
            ],
            "ipxe_script": null,
            "is_cross_numa_node": false,
            "is_pv_encryption_in_transit_enabled": null,
            "launch_mode": "PARAVIRTUALIZED",
            "launch_options": [
              {
                "boot_volume_type": "PARAVIRTUALIZED",
                "firmware": "UEFI_64",
                "is_consistent_volume_naming_enabled": true,
                "is_pv_encryption_in_transit_enabled": false,
                "network_type": "PARAVIRTUALIZED",
                "remote_data_volume_type": "PARAVIRTUALIZED"
              }
            ],
            "metadata": {
              "ssh_authorized_keys": "ssh-rsa AAAAB3NzaC1yc2EAAAADAQABAAABAQDKy11d1wmecuwhHiGS6JXzP0MA8Djvix22sVEN2VmAZ8hooup1He1Am0pUOog+R6ghUNwxG7YUgV4PRJXHJ1EbuVbo9ARm8L0L/Cp5qMEIjUKoBXxrkHFS9bAbIATndaKc61zP8te9nNuFwEiOh1JX5RKkARorAp6HWg/dU8lAz0oI2vNhGzgrJ3Zl5S/PxsVM/ERwchHks039eRnUQaL1q5cHd856jGb7GCKcgGeWP5eSa+tsbkfMYfMTfbu9N5tmFERsZvA6+dWO/Lhp4dSt74taQetR5qFK6XgfbZKxftPYK68ouLVguG4AA97N/4VdSR9XKWdQkxNq5S7u2PZT ssh-key-2023-05-07"
            },
            "platform_config": [],
            "preemptible_instance_config": [],
            "preserve_boot_volume": false,
            "private_ip": "172.168.0.3",
            "public_ip": "150.136.75.49",
            "region": "iad",
            "shape": "VM.Standard.A1.Flex",
            "shape_config": [
              {
                "baseline_ocpu_utilization": "",
                "gpu_description": "",
                "gpus": 0,
                "local_disk_description": "",
                "local_disks": 0,
                "local_disks_total_size_in_gbs": 0,
                "max_vnic_attachments": 2,
                "memory_in_gbs": 6,
                "networking_bandwidth_in_gbps": 1,
                "nvmes": 0,
                "ocpus": 1,
                "processor_description": "3.0 GHz Ampere® Altra™"
              }
            ],
            "source_details": [
              {
                "boot_volume_size_in_gbs": "47",
                "boot_volume_vpus_per_gb": "10",
                "kms_key_id": "",
                "source_id": "ocid1.image.oc1.iad.aaaaaaaalharp53tw6htht7hirwa5vohbu6td5ddhevsaidpeisspwmcm6fq",
                "source_type": "image"
              }
            ],
            "state": "RUNNING",
            "subnet_id": "ocid1.subnet.oc1.iad.aaaaaaaad47ycpop6qdhhswkf3qp3u5qmiewo5xjppqtpi3yr4ovpzhh5laq",
            "system_tags": {},
            "time_created": "2023-05-10 13:56:09.434 +0000 UTC",
            "time_maintenance_reboot_due": "",
            "timeouts": null,
            "update_operation_constraint": null
          },
          "sensitive_attributes": [],
          "private": "eyJlMmJmYjczMC1lY2FhLTExZTYtOGY4OC0zNDM2M2JjN2M0YzAiOnsiY3JlYXRlIjoyNzAwMDAwMDAwMDAwLCJkZWxldGUiOjQ1MDAwMDAwMDAwMDAsInVwZGF0ZSI6MjcwMDAwMDAwMDAwMH19",
          "dependencies": [
            "data.oci_identity_availability_domains.ads",
            "oci_core_internet_gateway.internet_gateway",
            "oci_core_route_table.internet_gateway_route_table",
            "oci_core_security_list.bastion-security-list",
            "oci_core_subnet.vcn-bastion-public-subnet",
            "oci_core_vcn.vcn_main",
            "oci_identity_compartment.bastion_compartment",
            "oci_identity_compartment.network_compartment"
          ]
        }
      ]
    },
    {
      "mode": "managed",
      "type": "oci_core_instance",
      "name": "monitoring-compute",
      "provider": "provider[\"registry.terraform.io/hashicorp/oci\"]",
      "instances": [
        {
          "schema_version": 0,
          "attributes": {
            "agent_config": [
              {
                "are_all_plugins_disabled": false,
                "is_management_disabled": false,
                "is_monitoring_disabled": false,
                "plugins_config": []
              }
            ],
            "async": null,
            "availability_config": [
              {
                "is_live_migration_preferred": false,
                "recovery_action": "RESTORE_INSTANCE"
              }
            ],
            "availability_domain": "vSmv:US-ASHBURN-AD-1",
            "boot_volume_id": "ocid1.bootvolume.oc1.iad.abuwcljsy36jyzjkblx6gi2nx5doq2nwcp57kkfkx3lla4a5neyhvbv7ktka",
            "capacity_reservation_id": null,
            "compartment_id": "ocid1.compartment.oc1..aaaaaaaa5uzybfk33a6nnbypagzzl6pxxd354orzfooafsinkaczq5jvprna",
            "compute_cluster_id": null,
            "create_vnic_details": [
              {
                "assign_private_dns_record": false,
                "assign_public_ip": "true",
                "defined_tags": {
                  "Oracle-Tags.CreatedBy": "default/manoharan.s@gmail.com",
                  "Oracle-Tags.CreatedOn": "2023-05-11T07:10:57.365Z"
                },
                "display_name": "monitoring-host1",
                "freeform_tags": {},
                "hostname_label": "monitoring-host1",
                "nsg_ids": [],
                "private_ip": "10.0.3.94",
                "skip_source_dest_check": false,
                "subnet_id": "ocid1.subnet.oc1.iad.aaaaaaaaimw7da6vb25tew7ftfkalyukyqiiz3jxqeu4ctohf7ux25mfc7ia",
                "vlan_id": ""
              }
            ],
            "dedicated_vm_host_id": null,
            "defined_tags": {
              "Oracle-Tags.CreatedBy": "default/manoharan.s@gmail.com",
              "Oracle-Tags.CreatedOn": "2023-05-11T07:10:56.981Z"
            },
            "display_name": "monitoring-host1",
            "extended_metadata": {},
            "fault_domain": "FAULT-DOMAIN-3",
            "freeform_tags": {},
            "hostname_label": "monitoring-host1",
            "id": "ocid1.instance.oc1.iad.anuwcljs2bnhjeaclrtwfwytdosggjb5jc3eucow2btr3zct6nvanacwqtwq",
            "image": "ocid1.image.oc1.iad.aaaaaaaalharp53tw6htht7hirwa5vohbu6td5ddhevsaidpeisspwmcm6fq",
            "instance_options": [
              {
                "are_legacy_imds_endpoints_disabled": false
              }
            ],
            "ipxe_script": null,
            "is_cross_numa_node": false,
            "is_pv_encryption_in_transit_enabled": null,
            "launch_mode": "PARAVIRTUALIZED",
            "launch_options": [
              {
                "boot_volume_type": "PARAVIRTUALIZED",
                "firmware": "UEFI_64",
                "is_consistent_volume_naming_enabled": true,
                "is_pv_encryption_in_transit_enabled": false,
                "network_type": "PARAVIRTUALIZED",
                "remote_data_volume_type": "PARAVIRTUALIZED"
              }
            ],
            "metadata": {
              "ssh_authorized_keys": "ssh-rsa AAAAB3NzaC1yc2EAAAADAQABAAABAQDKy11d1wmecuwhHiGS6JXzP0MA8Djvix22sVEN2VmAZ8hooup1He1Am0pUOog+R6ghUNwxG7YUgV4PRJXHJ1EbuVbo9ARm8L0L/Cp5qMEIjUKoBXxrkHFS9bAbIATndaKc61zP8te9nNuFwEiOh1JX5RKkARorAp6HWg/dU8lAz0oI2vNhGzgrJ3Zl5S/PxsVM/ERwchHks039eRnUQaL1q5cHd856jGb7GCKcgGeWP5eSa+tsbkfMYfMTfbu9N5tmFERsZvA6+dWO/Lhp4dSt74taQetR5qFK6XgfbZKxftPYK68ouLVguG4AA97N/4VdSR9XKWdQkxNq5S7u2PZT ssh-key-2023-05-07",
              "user_data": "IyEvYmluL2Jhc2gKI3l1bSB1cGRhdGUgLXkKCmNhdCA8PEVPRiB8IHRlZSAvZXRjL3l1bS5yZXBvcy5kL2dyYWZhbmEucmVwbwpbZ3JhZmFuYV0KbmFtZT1ncmFmYW5hCmJhc2V1cmw9aHR0cHM6Ly9wYWNrYWdlcy5ncmFmYW5hLmNvbS9vc3MvcnBtCnJlcG9fZ3BnY2hlY2s9MQplbmFibGVkPTEKZ3BnY2hlY2s9MQpncGdrZXk9aHR0cHM6Ly9wYWNrYWdlcy5ncmFmYW5hLmNvbS9ncGcua2V5CnNzbHZlcmlmeT0xCnNzbGNhY2VydD0vZXRjL3BraS90bHMvY2VydHMvY2EtYnVuZGxlLmNydApFT0YKCnl1bSBpbnN0YWxsIC15IGdyYWZhbmEKCnN5c3RlbWN0bCBlbmFibGUgZ3JhZmFuYS1zZXJ2ZXIKc3lzdGVtY3RsIHN0YXJ0IGdyYWZhbmEtc2VydmVyCnN5c3RlbWN0bCBzdGF0dXMgZ3JhZmFuYS1zZXJ2ZXIKCgpta2RpciAvZXRjL3Byb21ldGhldXMKbWtkaXIgL3Zhci9saWIvcHJvbWV0aGV1cwoKY3VybCAtTE8gaHR0cHM6Ly9naXRodWIuY29tL3Byb21ldGhldXMvcHJvbWV0aGV1cy9yZWxlYXNlcy9kb3dubG9hZC92Mi4zNy44L3Byb21ldGhldXMtMi4zNy44LmxpbnV4LWFybTY0LnRhci5negp0YXIgLXh2ZiBwcm9tZXRoZXVzLTIuMzcuOC5saW51eC1hcm02NC50YXIuZ3oKbXYgcHJvbWV0aGV1cy0yLjM3LjgubGludXgtYXJtNjQgcHJvbWV0aGV1cy1maWxlcwpjcCBwcm9tZXRoZXVzLWZpbGVzL3Byb21ldGhldXMgL3Vzci9sb2NhbC9iaW4vCmNwIHByb21ldGhldXMtZmlsZXMvcHJvbXRvb2wgL3Vzci9sb2NhbC9iaW4vCgpjcCAtciBwcm9tZXRoZXVzLWZpbGVzL2NvbnNvbGVzIC9ldGMvcHJvbWV0aGV1cwpjcCAtciBwcm9tZXRoZXVzLWZpbGVzL2NvbnNvbGVfbGlicmFyaWVzIC9ldGMvcHJvbWV0aGV1cwoKY2F0IDw8RU9GIHwgdGVlIC9ldGMvcHJvbWV0aGV1cy9wcm9tZXRoZXVzLnltbApnbG9iYWw6CiBleHRlcm5hbF9sYWJlbHM6CiAgcmVnaW9uOiB1cy1jZW50cmFsCiAgbW9uaXRvcjogaW5mcmEKc2NyYXBlX2NvbmZpZ3M6CiAtIGpvYl9uYW1lOiBwcm9tZXRoZXVzCiAgIHNjcmFwZV9pbnRlcnZhbDogMW0KICAgc3RhdGljX2NvbmZpZ3M6CiAgICAtIHRhcmdldHM6CiAgICAgICAtICJsb2NhbGhvc3Q6OTA5MCIKIC0gam9iX25hbWU6IGhlbGxvLXdvcmxkCiAgIHNjcmFwZV9pbnRlcnZhbDogMW0KICAgbWV0cmljc19wYXRoOiAvbWV0cmljcy1wcm9tZXRoZXVzCiAgIHN0YXRpY19jb25maWdzOgogICAtIHRhcmdldHM6CiAgICAgLSAiMTAuMC4xLjE5NDo4MDgxIgpFT0YKCmNhdCA8PEVPRiB8IHRlZSAgL2V0Yy9zeXN0ZW1kL3N5c3RlbS9wcm9tZXRoZXVzLnNlcnZpY2UKW1VuaXRdCkRlc2NyaXB0aW9uPVByb21ldGhldXMKV2FudHM9bmV0d29yay1vbmxpbmUudGFyZ2V0CkFmdGVyPW5ldHdvcmstb25saW5lLnRhcmdldApbU2VydmljZV0KVHlwZT1zaW1wbGUKRXhlY1N0YXJ0PS91c3IvbG9jYWwvYmluL3Byb21ldGhldXMgXAogIC0tY29uZmlnLmZpbGUgL2V0Yy9wcm9tZXRoZXVzL3Byb21ldGhldXMueW1sIFwKICAtLXdlYi5jb25zb2xlLnRlbXBsYXRlcz0vZXRjL3Byb21ldGhldXMvY29uc29sZXMgXAogIC0td2ViLmNvbnNvbGUubGlicmFyaWVzPS9ldGMvcHJvbWV0aGV1cy9jb25zb2xlX2xpYnJhcmllcyBcCiAgLS13ZWIubGlzdGVuLWFkZHJlc3M9OjkwOTAgXAogIC0tbG9nLmxldmVsPWluZm8KW0luc3RhbGxdCldhbnRlZEJ5PW11bHRpLXVzZXIudGFyZ2V0CkVPRgoKc3lzdGVtY3RsIGRhZW1vbi1yZWxvYWQKc3lzdGVtY3RsIHN0YXJ0IHByb21ldGhldXMKc3lzdGVtY3RsIHN0YXR1cyBwcm9tZXRoZXVz"
            },
            "platform_config": [],
            "preemptible_instance_config": [],
            "preserve_boot_volume": false,
            "private_ip": "10.0.3.94",
            "public_ip": "150.136.100.15",
            "region": "iad",
            "shape": "VM.Standard.A1.Flex",
            "shape_config": [
              {
                "baseline_ocpu_utilization": "",
                "gpu_description": "",
                "gpus": 0,
                "local_disk_description": "",
                "local_disks": 0,
                "local_disks_total_size_in_gbs": 0,
                "max_vnic_attachments": 2,
                "memory_in_gbs": 6,
                "networking_bandwidth_in_gbps": 1,
                "nvmes": 0,
                "ocpus": 1,
                "processor_description": "3.0 GHz Ampere® Altra™"
              }
            ],
            "source_details": [
              {
                "boot_volume_size_in_gbs": "47",
                "boot_volume_vpus_per_gb": "10",
                "kms_key_id": "",
                "source_id": "ocid1.image.oc1.iad.aaaaaaaalharp53tw6htht7hirwa5vohbu6td5ddhevsaidpeisspwmcm6fq",
                "source_type": "image"
              }
            ],
            "state": "RUNNING",
            "subnet_id": "ocid1.subnet.oc1.iad.aaaaaaaaimw7da6vb25tew7ftfkalyukyqiiz3jxqeu4ctohf7ux25mfc7ia",
            "system_tags": {},
            "time_created": "2023-05-11 07:10:57.776 +0000 UTC",
            "time_maintenance_reboot_due": "",
            "timeouts": null,
            "update_operation_constraint": null
          },
          "sensitive_attributes": [],
          "private": "eyJlMmJmYjczMC1lY2FhLTExZTYtOGY4OC0zNDM2M2JjN2M0YzAiOnsiY3JlYXRlIjoyNzAwMDAwMDAwMDAwLCJkZWxldGUiOjQ1MDAwMDAwMDAwMDAsInVwZGF0ZSI6MjcwMDAwMDAwMDAwMH19",
          "dependencies": [
            "data.oci_identity_availability_domains.ads",
            "oci_core_internet_gateway.internet_gateway",
            "oci_core_route_table.internet_gateway_route_table",
            "oci_core_security_list.monitoring-security-list",
            "oci_core_subnet.vcn-monitoring-public-subnet",
            "oci_core_vcn.vcn_main",
            "oci_identity_compartment.monitoring_compartment",
            "oci_identity_compartment.network_compartment"
          ]
        }
      ]
    },
    {
      "mode": "managed",
      "type": "oci_core_internet_gateway",
      "name": "internet_gateway",
      "provider": "provider[\"registry.terraform.io/hashicorp/oci\"]",
      "instances": [
        {
          "schema_version": 0,
          "attributes": {
            "compartment_id": "ocid1.compartment.oc1..aaaaaaaa54fv2js4qi3mpxzcaz4gryjkkdzrbry7qhkf2364uz7aqxrsex3q",
            "defined_tags": {
              "Oracle-Tags.CreatedBy": "default/manoharan.s@gmail.com",
              "Oracle-Tags.CreatedOn": "2023-05-10T13:56:01.648Z"
            },
            "display_name": "internet-gateway",
            "enabled": true,
            "freeform_tags": {},
            "id": "ocid1.internetgateway.oc1.iad.aaaaaaaau253zumxmfypouhbn3csjqji6khkgkgd6v3uiehvmf5wzpn4ehyq",
            "route_table_id": "ocid1.routetable.oc1.iad.aaaaaaaav37ueyrf7v77js6ibjx6wcw52nhcsmn3knmo53koiy7kprfgkapq",
            "state": "AVAILABLE",
            "time_created": "2023-05-10 13:56:01.744 +0000 UTC",
            "timeouts": null,
            "vcn_id": "ocid1.vcn.oc1.iad.amaaaaaa2bnhjeaabrusr2gahxpf5du22zy4mdc3tjvqm63mydpifphe3a7a"
          },
          "sensitive_attributes": [],
          "private": "eyJlMmJmYjczMC1lY2FhLTExZTYtOGY4OC0zNDM2M2JjN2M0YzAiOnsiY3JlYXRlIjoxMjAwMDAwMDAwMDAwLCJkZWxldGUiOjEyMDAwMDAwMDAwMDAsInVwZGF0ZSI6MTIwMDAwMDAwMDAwMH19",
          "dependencies": [
            "oci_core_vcn.vcn_main",
            "oci_identity_compartment.network_compartment"
          ]
        }
      ]
    },
    {
      "mode": "managed",
      "type": "oci_core_nat_gateway",
      "name": "nat_gateway",
      "provider": "provider[\"registry.terraform.io/hashicorp/oci\"]",
      "instances": [
        {
          "schema_version": 0,
          "attributes": {
            "block_traffic": false,
            "compartment_id": "ocid1.compartment.oc1..aaaaaaaa54fv2js4qi3mpxzcaz4gryjkkdzrbry7qhkf2364uz7aqxrsex3q",
            "defined_tags": {
              "Oracle-Tags.CreatedBy": "default/manoharan.s@gmail.com",
              "Oracle-Tags.CreatedOn": "2023-05-10T13:56:00.838Z"
            },
            "display_name": "nat-gateway",
            "freeform_tags": {},
            "id": "ocid1.natgateway.oc1.iad.aaaaaaaaolgunxw5bf6rp6xya2riypg2sskoorbr6pesrfqqglgtq4pzcnoa",
            "nat_ip": "129.153.182.46",
            "public_ip_id": "ocid1.publicip.oc1.iad.aaaaaaaa5oyxbzpdiz7ov3padco5sejrnt4yqghdqyodanb2h2dfmxe3k24q",
            "route_table_id": "ocid1.routetable.oc1.iad.aaaaaaaav37ueyrf7v77js6ibjx6wcw52nhcsmn3knmo53koiy7kprfgkapq",
            "state": "AVAILABLE",
            "time_created": "2023-05-10 13:56:01.689 +0000 UTC",
            "timeouts": null,
            "vcn_id": "ocid1.vcn.oc1.iad.amaaaaaa2bnhjeaabrusr2gahxpf5du22zy4mdc3tjvqm63mydpifphe3a7a"
          },
          "sensitive_attributes": [],
          "private": "eyJlMmJmYjczMC1lY2FhLTExZTYtOGY4OC0zNDM2M2JjN2M0YzAiOnsiY3JlYXRlIjoxMjAwMDAwMDAwMDAwLCJkZWxldGUiOjEyMDAwMDAwMDAwMDAsInVwZGF0ZSI6MTIwMDAwMDAwMDAwMH19",
          "dependencies": [
            "oci_core_vcn.vcn_main",
            "oci_identity_compartment.network_compartment"
          ]
        }
      ]
    },
    {
      "mode": "managed",
      "type": "oci_core_route_table",
      "name": "internet_gateway_route_table",
      "provider": "provider[\"registry.terraform.io/hashicorp/oci\"]",
      "instances": [
        {
          "schema_version": 0,
          "attributes": {
            "compartment_id": "ocid1.compartment.oc1..aaaaaaaa54fv2js4qi3mpxzcaz4gryjkkdzrbry7qhkf2364uz7aqxrsex3q",
            "defined_tags": {
              "Oracle-Tags.CreatedBy": "default/manoharan.s@gmail.com",
              "Oracle-Tags.CreatedOn": "2023-05-10T13:56:02.875Z"
            },
            "display_name": "internet gateway route table",
            "freeform_tags": {},
            "id": "ocid1.routetable.oc1.iad.aaaaaaaasacaibi7omd2mabxdw64vxwpapkltavzktzyoe6u7dxkmhakpbeq",
            "route_rules": [
              {
                "cidr_block": "",
                "description": "",
                "destination": "0.0.0.0/0",
                "destination_type": "CIDR_BLOCK",
                "network_entity_id": "ocid1.internetgateway.oc1.iad.aaaaaaaau253zumxmfypouhbn3csjqji6khkgkgd6v3uiehvmf5wzpn4ehyq",
                "route_type": ""
              }
            ],
            "state": "AVAILABLE",
            "time_created": "2023-05-10 13:56:02.921 +0000 UTC",
            "timeouts": null,
            "vcn_id": "ocid1.vcn.oc1.iad.amaaaaaa2bnhjeaabrusr2gahxpf5du22zy4mdc3tjvqm63mydpifphe3a7a"
          },
          "sensitive_attributes": [],
          "private": "eyJlMmJmYjczMC1lY2FhLTExZTYtOGY4OC0zNDM2M2JjN2M0YzAiOnsiY3JlYXRlIjoxMjAwMDAwMDAwMDAwLCJkZWxldGUiOjEyMDAwMDAwMDAwMDAsInVwZGF0ZSI6MTIwMDAwMDAwMDAwMH19",
          "dependencies": [
            "oci_core_internet_gateway.internet_gateway",
            "oci_core_vcn.vcn_main",
            "oci_identity_compartment.network_compartment"
          ]
        }
      ]
    },
    {
      "mode": "managed",
      "type": "oci_core_route_table",
      "name": "nat_gateway_route_table",
      "provider": "provider[\"registry.terraform.io/hashicorp/oci\"]",
      "instances": [
        {
          "schema_version": 0,
          "attributes": {
            "compartment_id": "ocid1.compartment.oc1..aaaaaaaa54fv2js4qi3mpxzcaz4gryjkkdzrbry7qhkf2364uz7aqxrsex3q",
            "defined_tags": {
              "Oracle-Tags.CreatedBy": "default/manoharan.s@gmail.com",
              "Oracle-Tags.CreatedOn": "2023-05-10T13:56:04.140Z"
            },
            "display_name": "NAT gateway Route table",
            "freeform_tags": {},
            "id": "ocid1.routetable.oc1.iad.aaaaaaaazgyix6qmrxpykpamgqhlfusy23foggknd5dfagesfkge4wq5rqpa",
            "route_rules": [
              {
                "cidr_block": "",
                "description": "",
                "destination": "0.0.0.0/0",
                "destination_type": "CIDR_BLOCK",
                "network_entity_id": "ocid1.natgateway.oc1.iad.aaaaaaaaolgunxw5bf6rp6xya2riypg2sskoorbr6pesrfqqglgtq4pzcnoa",
                "route_type": ""
              }
            ],
            "state": "AVAILABLE",
            "time_created": "2023-05-10 13:56:04.184 +0000 UTC",
            "timeouts": null,
            "vcn_id": "ocid1.vcn.oc1.iad.amaaaaaa2bnhjeaabrusr2gahxpf5du22zy4mdc3tjvqm63mydpifphe3a7a"
          },
          "sensitive_attributes": [],
          "private": "eyJlMmJmYjczMC1lY2FhLTExZTYtOGY4OC0zNDM2M2JjN2M0YzAiOnsiY3JlYXRlIjoxMjAwMDAwMDAwMDAwLCJkZWxldGUiOjEyMDAwMDAwMDAwMDAsInVwZGF0ZSI6MTIwMDAwMDAwMDAwMH19",
          "dependencies": [
            "oci_core_nat_gateway.nat_gateway",
            "oci_core_vcn.vcn_main",
            "oci_identity_compartment.network_compartment"
          ]
        }
      ]
    },
    {
      "mode": "managed",
      "type": "oci_core_security_list",
      "name": "app-security-list",
      "provider": "provider[\"registry.terraform.io/hashicorp/oci\"]",
      "instances": [
        {
          "schema_version": 0,
          "attributes": {
            "compartment_id": "ocid1.compartment.oc1..aaaaaaaa54fv2js4qi3mpxzcaz4gryjkkdzrbry7qhkf2364uz7aqxrsex3q",
            "defined_tags": {
              "Oracle-Tags.CreatedBy": "default/manoharan.s@gmail.com",
              "Oracle-Tags.CreatedOn": "2023-05-10T13:56:01.701Z"
            },
            "display_name": "app security list",
            "egress_security_rules": [
              {
                "description": "",
                "destination": "0.0.0.0/0",
                "destination_type": "CIDR_BLOCK",
                "icmp_options": [],
                "protocol": "6",
                "stateless": false,
                "tcp_options": [
                  {
                    "max": 443,
                    "min": 443,
                    "source_port_range": []
                  }
                ],
                "udp_options": []
              },
              {
                "description": "",
                "destination": "0.0.0.0/0",
                "destination_type": "CIDR_BLOCK",
                "icmp_options": [],
                "protocol": "6",
                "stateless": false,
                "tcp_options": [
                  {
                    "max": 80,
                    "min": 80,
                    "source_port_range": []
                  }
                ],
                "udp_options": []
              }
            ],
            "freeform_tags": {},
            "id": "ocid1.securitylist.oc1.iad.aaaaaaaauuocszfqi4lqtuudwtcdqn762ea2xnwkep37jj4nbzo7nuyvnfmq",
            "ingress_security_rules": [
              {
                "description": "",
                "icmp_options": [],
                "protocol": "6",
                "source": "0.0.0.0/0",
                "source_type": "CIDR_BLOCK",
                "stateless": false,
                "tcp_options": [
                  {
                    "max": 8080,
                    "min": 8080,
                    "source_port_range": []
                  }
                ],
                "udp_options": []
              },
              {
                "description": "",
                "icmp_options": [],
                "protocol": "6",
                "source": "0.0.0.0/0",
                "source_type": "CIDR_BLOCK",
                "stateless": false,
                "tcp_options": [
                  {
                    "max": 8081,
                    "min": 8081,
                    "source_port_range": []
                  }
                ],
                "udp_options": []
              },
              {
                "description": "",
                "icmp_options": [],
                "protocol": "6",
                "source": "172.168.0.0/29",
                "source_type": "CIDR_BLOCK",
                "stateless": false,
                "tcp_options": [
                  {
                    "max": 22,
                    "min": 22,
                    "source_port_range": []
                  }
                ],
                "udp_options": []
              }
            ],
            "state": "AVAILABLE",
            "time_created": "2023-05-10 13:56:01.771 +0000 UTC",
            "timeouts": null,
            "vcn_id": "ocid1.vcn.oc1.iad.amaaaaaa2bnhjeaabrusr2gahxpf5du22zy4mdc3tjvqm63mydpifphe3a7a"
          },
          "sensitive_attributes": [],
          "private": "eyJlMmJmYjczMC1lY2FhLTExZTYtOGY4OC0zNDM2M2JjN2M0YzAiOnsiY3JlYXRlIjoxMjAwMDAwMDAwMDAwLCJkZWxldGUiOjEyMDAwMDAwMDAwMDAsInVwZGF0ZSI6MTIwMDAwMDAwMDAwMH19",
          "dependencies": [
            "oci_core_vcn.vcn_main",
            "oci_identity_compartment.network_compartment"
          ]
        }
      ]
    },
    {
      "mode": "managed",
      "type": "oci_core_security_list",
      "name": "bastion-security-list",
      "provider": "provider[\"registry.terraform.io/hashicorp/oci\"]",
      "instances": [
        {
          "schema_version": 0,
          "attributes": {
            "compartment_id": "ocid1.compartment.oc1..aaaaaaaa54fv2js4qi3mpxzcaz4gryjkkdzrbry7qhkf2364uz7aqxrsex3q",
            "defined_tags": {
              "Oracle-Tags.CreatedBy": "default/manoharan.s@gmail.com",
              "Oracle-Tags.CreatedOn": "2023-05-10T13:56:01.941Z"
            },
            "display_name": "bastion secuirty list",
            "egress_security_rules": [
              {
                "description": "",
                "destination": "10.0.1.0/24",
                "destination_type": "CIDR_BLOCK",
                "icmp_options": [],
                "protocol": "6",
                "stateless": false,
                "tcp_options": [
                  {
                    "max": 22,
                    "min": 22,
                    "source_port_range": []
                  }
                ],
                "udp_options": []
              },
              {
                "description": "",
                "destination": "10.0.1.0/24",
                "destination_type": "CIDR_BLOCK",
                "icmp_options": [],
                "protocol": "6",
                "stateless": false,
                "tcp_options": [
                  {
                    "max": 8080,
                    "min": 8080,
                    "source_port_range": []
                  }
                ],
                "udp_options": []
              },
              {
                "description": "",
                "destination": "10.0.3.0/24",
                "destination_type": "CIDR_BLOCK",
                "icmp_options": [],
                "protocol": "6",
                "stateless": false,
                "tcp_options": [
                  {
                    "max": 22,
                    "min": 22,
                    "source_port_range": []
                  }
                ],
                "udp_options": []
              }
            ],
            "freeform_tags": {},
            "id": "ocid1.securitylist.oc1.iad.aaaaaaaaxiusnae2bnksrrir7cggnf7bs25z3lxjt4c4umkjod25vznpc77a",
            "ingress_security_rules": [
              {
                "description": "",
                "icmp_options": [],
                "protocol": "6",
                "source": "0.0.0.0/0",
                "source_type": "CIDR_BLOCK",
                "stateless": false,
                "tcp_options": [
                  {
                    "max": 22,
                    "min": 22,
                    "source_port_range": []
                  }
                ],
                "udp_options": []
              }
            ],
            "state": "AVAILABLE",
            "time_created": "2023-05-10 13:56:02.018 +0000 UTC",
            "timeouts": null,
            "vcn_id": "ocid1.vcn.oc1.iad.amaaaaaa2bnhjeaabrusr2gahxpf5du22zy4mdc3tjvqm63mydpifphe3a7a"
          },
          "sensitive_attributes": [],
          "private": "eyJlMmJmYjczMC1lY2FhLTExZTYtOGY4OC0zNDM2M2JjN2M0YzAiOnsiY3JlYXRlIjoxMjAwMDAwMDAwMDAwLCJkZWxldGUiOjEyMDAwMDAwMDAwMDAsInVwZGF0ZSI6MTIwMDAwMDAwMDAwMH19",
          "dependencies": [
            "oci_core_vcn.vcn_main",
            "oci_identity_compartment.network_compartment"
          ]
        }
      ]
    },
    {
      "mode": "managed",
      "type": "oci_core_security_list",
      "name": "lb-security-list",
      "provider": "provider[\"registry.terraform.io/hashicorp/oci\"]",
      "instances": [
        {
          "schema_version": 0,
          "attributes": {
            "compartment_id": "ocid1.compartment.oc1..aaaaaaaa54fv2js4qi3mpxzcaz4gryjkkdzrbry7qhkf2364uz7aqxrsex3q",
            "defined_tags": {
              "Oracle-Tags.CreatedBy": "default/manoharan.s@gmail.com",
              "Oracle-Tags.CreatedOn": "2023-05-10T13:56:01.642Z"
            },
            "display_name": "lb secuirty list",
            "egress_security_rules": [
              {
                "description": "",
                "destination": "10.0.1.0/24",
                "destination_type": "CIDR_BLOCK",
                "icmp_options": [],
                "protocol": "6",
                "stateless": false,
                "tcp_options": [
                  {
                    "max": 8080,
                    "min": 8080,
                    "source_port_range": []
                  }
                ],
                "udp_options": []
              }
            ],
            "freeform_tags": {},
            "id": "ocid1.securitylist.oc1.iad.aaaaaaaaaiimqkwjxaneinyyt3pdq3ax3gu2tihe57ebbud42we2dz6xtf5q",
            "ingress_security_rules": [
              {
                "description": "",
                "icmp_options": [],
                "protocol": "6",
                "source": "0.0.0.0/0",
                "source_type": "CIDR_BLOCK",
                "stateless": false,
                "tcp_options": [
                  {
                    "max": 80,
                    "min": 80,
                    "source_port_range": []
                  }
                ],
                "udp_options": []
              }
            ],
            "state": "AVAILABLE",
            "time_created": "2023-05-10 13:56:01.697 +0000 UTC",
            "timeouts": null,
            "vcn_id": "ocid1.vcn.oc1.iad.amaaaaaa2bnhjeaabrusr2gahxpf5du22zy4mdc3tjvqm63mydpifphe3a7a"
          },
          "sensitive_attributes": [],
          "private": "eyJlMmJmYjczMC1lY2FhLTExZTYtOGY4OC0zNDM2M2JjN2M0YzAiOnsiY3JlYXRlIjoxMjAwMDAwMDAwMDAwLCJkZWxldGUiOjEyMDAwMDAwMDAwMDAsInVwZGF0ZSI6MTIwMDAwMDAwMDAwMH19",
          "dependencies": [
            "oci_core_vcn.vcn_main",
            "oci_identity_compartment.network_compartment"
          ]
        }
      ]
    },
    {
      "mode": "managed",
      "type": "oci_core_security_list",
      "name": "monitoring-security-list",
      "provider": "provider[\"registry.terraform.io/hashicorp/oci\"]",
      "instances": [
        {
          "schema_version": 0,
          "attributes": {
            "compartment_id": "ocid1.compartment.oc1..aaaaaaaa5uzybfk33a6nnbypagzzl6pxxd354orzfooafsinkaczq5jvprna",
            "defined_tags": {
              "Oracle-Tags.CreatedBy": "default/manoharan.s@gmail.com",
              "Oracle-Tags.CreatedOn": "2023-05-11T04:29:36.268Z"
            },
            "display_name": "bastion secuirty list",
            "egress_security_rules": [
              {
                "description": "",
                "destination": "0.0.0.0/0",
                "destination_type": "CIDR_BLOCK",
                "icmp_options": [],
                "protocol": "6",
                "stateless": false,
                "tcp_options": [
                  {
                    "max": 443,
                    "min": 443,
                    "source_port_range": []
                  }
                ],
                "udp_options": []
              },
              {
                "description": "",
                "destination": "0.0.0.0/0",
                "destination_type": "CIDR_BLOCK",
                "icmp_options": [],
                "protocol": "6",
                "stateless": false,
                "tcp_options": [
                  {
                    "max": 80,
                    "min": 80,
                    "source_port_range": []
                  }
                ],
                "udp_options": []
              },
              {
                "description": "",
                "destination": "10.0.1.0/24",
                "destination_type": "CIDR_BLOCK",
                "icmp_options": [],
                "protocol": "6",
                "stateless": false,
                "tcp_options": [
                  {
                    "max": 8081,
                    "min": 8080,
                    "source_port_range": []
                  }
                ],
                "udp_options": []
              }
            ],
            "freeform_tags": {},
            "id": "ocid1.securitylist.oc1.iad.aaaaaaaabfy2skmbbiawp2f2vd4pflfkt6kru3rnssfspbamjdnebxhavr4q",
            "ingress_security_rules": [
              {
                "description": "",
                "icmp_options": [],
                "protocol": "6",
                "source": "0.0.0.0/0",
                "source_type": "CIDR_BLOCK",
                "stateless": false,
                "tcp_options": [
                  {
                    "max": 22,
                    "min": 22,
                    "source_port_range": []
                  }
                ],
                "udp_options": []
              },
              {
                "description": "",
                "icmp_options": [],
                "protocol": "6",
                "source": "0.0.0.0/0",
                "source_type": "CIDR_BLOCK",
                "stateless": false,
                "tcp_options": [
                  {
                    "max": 3000,
                    "min": 3000,
                    "source_port_range": []
                  }
                ],
                "udp_options": []
              },
              {
                "description": "",
                "icmp_options": [],
                "protocol": "6",
                "source": "0.0.0.0/0",
                "source_type": "CIDR_BLOCK",
                "stateless": false,
                "tcp_options": [
                  {
                    "max": 9090,
                    "min": 9090,
                    "source_port_range": []
                  }
                ],
                "udp_options": []
              }
            ],
            "state": "AVAILABLE",
            "time_created": "2023-05-11 04:29:36.322 +0000 UTC",
            "timeouts": null,
            "vcn_id": "ocid1.vcn.oc1.iad.amaaaaaa2bnhjeaabrusr2gahxpf5du22zy4mdc3tjvqm63mydpifphe3a7a"
          },
          "sensitive_attributes": [],
          "private": "eyJlMmJmYjczMC1lY2FhLTExZTYtOGY4OC0zNDM2M2JjN2M0YzAiOnsiY3JlYXRlIjoxMjAwMDAwMDAwMDAwLCJkZWxldGUiOjEyMDAwMDAwMDAwMDAsInVwZGF0ZSI6MTIwMDAwMDAwMDAwMH19",
          "dependencies": [
            "oci_core_vcn.vcn_main",
            "oci_identity_compartment.monitoring_compartment",
            "oci_identity_compartment.network_compartment"
          ]
        }
      ]
    },
    {
      "mode": "managed",
      "type": "oci_core_subnet",
      "name": "vcn-app-private-subnet",
      "provider": "provider[\"registry.terraform.io/hashicorp/oci\"]",
      "instances": [
        {
          "schema_version": 0,
          "attributes": {
            "availability_domain": null,
            "cidr_block": "10.0.1.0/24",
            "compartment_id": "ocid1.compartment.oc1..aaaaaaaa54fv2js4qi3mpxzcaz4gryjkkdzrbry7qhkf2364uz7aqxrsex3q",
            "defined_tags": {
              "Oracle-Tags.CreatedBy": "default/manoharan.s@gmail.com",
              "Oracle-Tags.CreatedOn": "2023-05-10T13:56:04.035Z"
            },
            "dhcp_options_id": "ocid1.dhcpoptions.oc1.iad.aaaaaaaahak7oclzzek6fyeb36ijblxgfj5qxp6vi7e4oihd5w4rdc5xglda",
            "display_name": "app-private-subnet",
            "dns_label": "appsubnet",
            "freeform_tags": {},
            "id": "ocid1.subnet.oc1.iad.aaaaaaaarq6a7tlsdw7uxzipi7tq63km5pu7uakccfp6n6jbya6tquab3tga",
            "ipv6cidr_block": null,
            "ipv6cidr_blocks": [],
            "ipv6virtual_router_ip": null,
            "prohibit_internet_ingress": true,
            "prohibit_public_ip_on_vnic": true,
            "route_table_id": "ocid1.routetable.oc1.iad.aaaaaaaazgyix6qmrxpykpamgqhlfusy23foggknd5dfagesfkge4wq5rqpa",
            "security_list_ids": [
              "ocid1.securitylist.oc1.iad.aaaaaaaauuocszfqi4lqtuudwtcdqn762ea2xnwkep37jj4nbzo7nuyvnfmq"
            ],
            "state": "AVAILABLE",
            "subnet_domain_name": "appsubnet.vcnmain.oraclevcn.com",
            "time_created": "2023-05-10 13:56:05.355 +0000 UTC",
            "timeouts": null,
            "vcn_id": "ocid1.vcn.oc1.iad.amaaaaaa2bnhjeaabrusr2gahxpf5du22zy4mdc3tjvqm63mydpifphe3a7a",
            "virtual_router_ip": "10.0.1.1",
            "virtual_router_mac": "00:00:17:D3:E3:9B"
          },
          "sensitive_attributes": [],
          "private": "eyJlMmJmYjczMC1lY2FhLTExZTYtOGY4OC0zNDM2M2JjN2M0YzAiOnsiY3JlYXRlIjoxMjAwMDAwMDAwMDAwLCJkZWxldGUiOjEyMDAwMDAwMDAwMDAsInVwZGF0ZSI6MTIwMDAwMDAwMDAwMH19",
          "dependencies": [
            "oci_core_nat_gateway.nat_gateway",
            "oci_core_route_table.nat_gateway_route_table",
            "oci_core_security_list.app-security-list",
            "oci_core_vcn.vcn_main",
            "oci_identity_compartment.network_compartment"
          ]
        }
      ]
    },
    {
      "mode": "managed",
      "type": "oci_core_subnet",
      "name": "vcn-bastion-public-subnet",
      "provider": "provider[\"registry.terraform.io/hashicorp/oci\"]",
      "instances": [
        {
          "schema_version": 0,
          "attributes": {
            "availability_domain": null,
            "cidr_block": "172.168.0.0/29",
            "compartment_id": "ocid1.compartment.oc1..aaaaaaaa54fv2js4qi3mpxzcaz4gryjkkdzrbry7qhkf2364uz7aqxrsex3q",
            "defined_tags": {
              "Oracle-Tags.CreatedBy": "default/manoharan.s@gmail.com",
              "Oracle-Tags.CreatedOn": "2023-05-10T13:56:04.035Z"
            },
            "dhcp_options_id": "ocid1.dhcpoptions.oc1.iad.aaaaaaaahak7oclzzek6fyeb36ijblxgfj5qxp6vi7e4oihd5w4rdc5xglda",
            "display_name": "bastion-public-subnet",
            "dns_label": "bastionsubnet",
            "freeform_tags": {},
            "id": "ocid1.subnet.oc1.iad.aaaaaaaad47ycpop6qdhhswkf3qp3u5qmiewo5xjppqtpi3yr4ovpzhh5laq",
            "ipv6cidr_block": null,
            "ipv6cidr_blocks": [],
            "ipv6virtual_router_ip": null,
            "prohibit_internet_ingress": false,
            "prohibit_public_ip_on_vnic": false,
            "route_table_id": "ocid1.routetable.oc1.iad.aaaaaaaasacaibi7omd2mabxdw64vxwpapkltavzktzyoe6u7dxkmhakpbeq",
            "security_list_ids": [
              "ocid1.securitylist.oc1.iad.aaaaaaaaxiusnae2bnksrrir7cggnf7bs25z3lxjt4c4umkjod25vznpc77a"
            ],
            "state": "AVAILABLE",
            "subnet_domain_name": "bastionsubnet.vcnmain.oraclevcn.com",
            "time_created": "2023-05-10 13:56:04.111 +0000 UTC",
            "timeouts": null,
            "vcn_id": "ocid1.vcn.oc1.iad.amaaaaaa2bnhjeaabrusr2gahxpf5du22zy4mdc3tjvqm63mydpifphe3a7a",
            "virtual_router_ip": "172.168.0.1",
            "virtual_router_mac": "00:00:17:D3:E3:9B"
          },
          "sensitive_attributes": [],
          "private": "eyJlMmJmYjczMC1lY2FhLTExZTYtOGY4OC0zNDM2M2JjN2M0YzAiOnsiY3JlYXRlIjoxMjAwMDAwMDAwMDAwLCJkZWxldGUiOjEyMDAwMDAwMDAwMDAsInVwZGF0ZSI6MTIwMDAwMDAwMDAwMH19",
          "dependencies": [
            "oci_core_internet_gateway.internet_gateway",
            "oci_core_route_table.internet_gateway_route_table",
            "oci_core_security_list.bastion-security-list",
            "oci_core_vcn.vcn_main",
            "oci_identity_compartment.network_compartment"
          ]
        }
      ]
    },
    {
      "mode": "managed",
      "type": "oci_core_subnet",
      "name": "vcn-lb-public-subnet",
      "provider": "provider[\"registry.terraform.io/hashicorp/oci\"]",
      "instances": [
        {
          "schema_version": 0,
          "attributes": {
            "availability_domain": null,
            "cidr_block": "10.0.2.0/24",
            "compartment_id": "ocid1.compartment.oc1..aaaaaaaa54fv2js4qi3mpxzcaz4gryjkkdzrbry7qhkf2364uz7aqxrsex3q",
            "defined_tags": {
              "Oracle-Tags.CreatedBy": "default/manoharan.s@gmail.com",
              "Oracle-Tags.CreatedOn": "2023-05-10T13:56:04.108Z"
            },
            "dhcp_options_id": "ocid1.dhcpoptions.oc1.iad.aaaaaaaahak7oclzzek6fyeb36ijblxgfj5qxp6vi7e4oihd5w4rdc5xglda",
            "display_name": "lb-public-subnet",
            "dns_label": "lbsubnet",
            "freeform_tags": {},
            "id": "ocid1.subnet.oc1.iad.aaaaaaaanmukfnfociy6rktvpjngbd5buth4irxgo2udymyq32tvezvcjtja",
            "ipv6cidr_block": null,
            "ipv6cidr_blocks": [],
            "ipv6virtual_router_ip": null,
            "prohibit_internet_ingress": false,
            "prohibit_public_ip_on_vnic": false,
            "route_table_id": "ocid1.routetable.oc1.iad.aaaaaaaasacaibi7omd2mabxdw64vxwpapkltavzktzyoe6u7dxkmhakpbeq",
            "security_list_ids": [
              "ocid1.securitylist.oc1.iad.aaaaaaaaaiimqkwjxaneinyyt3pdq3ax3gu2tihe57ebbud42we2dz6xtf5q"
            ],
            "state": "AVAILABLE",
            "subnet_domain_name": "lbsubnet.vcnmain.oraclevcn.com",
            "time_created": "2023-05-10 13:56:04.842 +0000 UTC",
            "timeouts": null,
            "vcn_id": "ocid1.vcn.oc1.iad.amaaaaaa2bnhjeaabrusr2gahxpf5du22zy4mdc3tjvqm63mydpifphe3a7a",
            "virtual_router_ip": "10.0.2.1",
            "virtual_router_mac": "00:00:17:D3:E3:9B"
          },
          "sensitive_attributes": [],
          "private": "eyJlMmJmYjczMC1lY2FhLTExZTYtOGY4OC0zNDM2M2JjN2M0YzAiOnsiY3JlYXRlIjoxMjAwMDAwMDAwMDAwLCJkZWxldGUiOjEyMDAwMDAwMDAwMDAsInVwZGF0ZSI6MTIwMDAwMDAwMDAwMH19",
          "dependencies": [
            "oci_core_internet_gateway.internet_gateway",
            "oci_core_route_table.internet_gateway_route_table",
            "oci_core_security_list.lb-security-list",
            "oci_core_vcn.vcn_main",
            "oci_identity_compartment.network_compartment"
          ]
        }
      ]
    },
    {
      "mode": "managed",
      "type": "oci_core_subnet",
      "name": "vcn-monitoring-public-subnet",
      "provider": "provider[\"registry.terraform.io/hashicorp/oci\"]",
      "instances": [
        {
          "schema_version": 0,
          "attributes": {
            "availability_domain": null,
            "cidr_block": "10.0.3.0/24",
            "compartment_id": "ocid1.compartment.oc1..aaaaaaaa54fv2js4qi3mpxzcaz4gryjkkdzrbry7qhkf2364uz7aqxrsex3q",
            "defined_tags": {
              "Oracle-Tags.CreatedBy": "default/manoharan.s@gmail.com",
              "Oracle-Tags.CreatedOn": "2023-05-11T04:36:10.704Z"
            },
            "dhcp_options_id": "ocid1.dhcpoptions.oc1.iad.aaaaaaaahak7oclzzek6fyeb36ijblxgfj5qxp6vi7e4oihd5w4rdc5xglda",
            "display_name": "monitoring-public-subnet",
            "dns_label": "monitorsubnet",
            "freeform_tags": {},
            "id": "ocid1.subnet.oc1.iad.aaaaaaaaimw7da6vb25tew7ftfkalyukyqiiz3jxqeu4ctohf7ux25mfc7ia",
            "ipv6cidr_block": null,
            "ipv6cidr_blocks": [],
            "ipv6virtual_router_ip": null,
            "prohibit_internet_ingress": false,
            "prohibit_public_ip_on_vnic": false,
            "route_table_id": "ocid1.routetable.oc1.iad.aaaaaaaasacaibi7omd2mabxdw64vxwpapkltavzktzyoe6u7dxkmhakpbeq",
            "security_list_ids": [
              "ocid1.securitylist.oc1.iad.aaaaaaaabfy2skmbbiawp2f2vd4pflfkt6kru3rnssfspbamjdnebxhavr4q"
            ],
            "state": "AVAILABLE",
            "subnet_domain_name": "monitorsubnet.vcnmain.oraclevcn.com",
            "time_created": "2023-05-11 04:36:10.805 +0000 UTC",
            "timeouts": null,
            "vcn_id": "ocid1.vcn.oc1.iad.amaaaaaa2bnhjeaabrusr2gahxpf5du22zy4mdc3tjvqm63mydpifphe3a7a",
            "virtual_router_ip": "10.0.3.1",
            "virtual_router_mac": "00:00:17:D3:E3:9B"
          },
          "sensitive_attributes": [],
          "private": "eyJlMmJmYjczMC1lY2FhLTExZTYtOGY4OC0zNDM2M2JjN2M0YzAiOnsiY3JlYXRlIjoxMjAwMDAwMDAwMDAwLCJkZWxldGUiOjEyMDAwMDAwMDAwMDAsInVwZGF0ZSI6MTIwMDAwMDAwMDAwMH19",
          "dependencies": [
            "oci_core_internet_gateway.internet_gateway",
            "oci_core_route_table.internet_gateway_route_table",
            "oci_core_security_list.monitoring-security-list",
            "oci_core_vcn.vcn_main",
            "oci_identity_compartment.monitoring_compartment",
            "oci_identity_compartment.network_compartment"
          ]
        }
      ]
    },
    {
      "mode": "managed",
      "type": "oci_core_vcn",
      "name": "vcn_main",
      "provider": "provider[\"registry.terraform.io/hashicorp/oci\"]",
      "instances": [
        {
          "schema_version": 0,
          "attributes": {
            "byoipv6cidr_blocks": [],
            "byoipv6cidr_details": [],
            "cidr_block": "10.0.0.0/22",
            "cidr_blocks": [
              "10.0.0.0/22",
              "172.168.0.0/24"
            ],
            "compartment_id": "ocid1.compartment.oc1..aaaaaaaa54fv2js4qi3mpxzcaz4gryjkkdzrbry7qhkf2364uz7aqxrsex3q",
            "default_dhcp_options_id": "ocid1.dhcpoptions.oc1.iad.aaaaaaaahak7oclzzek6fyeb36ijblxgfj5qxp6vi7e4oihd5w4rdc5xglda",
            "default_route_table_id": "ocid1.routetable.oc1.iad.aaaaaaaav37ueyrf7v77js6ibjx6wcw52nhcsmn3knmo53koiy7kprfgkapq",
            "default_security_list_id": "ocid1.securitylist.oc1.iad.aaaaaaaaw4wpzz7gjs2444zoidnawaiev7w72ru5cnealrjq5thggmtsoh6a",
            "defined_tags": {
              "Oracle-Tags.CreatedBy": "default/manoharan.s@gmail.com",
              "Oracle-Tags.CreatedOn": "2023-05-10T13:55:59.469Z"
            },
            "display_name": "vcn-main",
            "dns_label": "vcnmain",
            "freeform_tags": {},
            "id": "ocid1.vcn.oc1.iad.amaaaaaa2bnhjeaabrusr2gahxpf5du22zy4mdc3tjvqm63mydpifphe3a7a",
            "ipv6cidr_blocks": [],
            "ipv6private_cidr_blocks": [],
            "is_ipv6enabled": false,
            "is_oracle_gua_allocation_enabled": null,
            "state": "AVAILABLE",
            "time_created": "2023-05-10 13:55:59.589 +0000 UTC",
            "timeouts": null,
            "vcn_domain_name": "vcnmain.oraclevcn.com"
          },
          "sensitive_attributes": [],
          "private": "eyJlMmJmYjczMC1lY2FhLTExZTYtOGY4OC0zNDM2M2JjN2M0YzAiOnsiY3JlYXRlIjoxMjAwMDAwMDAwMDAwLCJkZWxldGUiOjEyMDAwMDAwMDAwMDAsInVwZGF0ZSI6MTIwMDAwMDAwMDAwMH19",
          "dependencies": [
            "oci_identity_compartment.network_compartment"
          ]
        }
      ]
    },
    {
      "mode": "managed",
      "type": "oci_identity_compartment",
      "name": "app_compartment",
      "provider": "provider[\"registry.terraform.io/hashicorp/oci\"]",
      "instances": [
        {
          "schema_version": 0,
          "attributes": {
            "compartment_id": "ocid1.tenancy.oc1..aaaaaaaaqiz3fvwylh562q5clh7wnlf5anngoniuqqfmzarr6ew3kh5szppq",
            "defined_tags": {
              "Oracle-Tags.CreatedBy": "default/manoharan.s@gmail.com",
              "Oracle-Tags.CreatedOn": "2023-05-09T14:56:23.821Z"
            },
            "description": "Compartment for application related resources.",
            "enable_delete": null,
            "freeform_tags": {},
            "id": "ocid1.compartment.oc1..aaaaaaaaiclmatlobogmjjxqipd6wpaolkyv6iejei5wjlkippmnd4bch4na",
            "inactive_state": null,
            "is_accessible": true,
            "name": "app_compartment",
            "state": "ACTIVE",
            "time_created": "2023-05-09 14:56:24.372 +0000 UTC",
            "timeouts": null
          },
          "sensitive_attributes": [],
          "private": "eyJlMmJmYjczMC1lY2FhLTExZTYtOGY4OC0zNDM2M2JjN2M0YzAiOnsiZGVsZXRlIjo1NDAwMDAwMDAwMDAwfX0="
        }
      ]
    },
    {
      "mode": "managed",
      "type": "oci_identity_compartment",
      "name": "bastion_compartment",
      "provider": "provider[\"registry.terraform.io/hashicorp/oci\"]",
      "instances": [
        {
          "schema_version": 0,
          "attributes": {
            "compartment_id": "ocid1.tenancy.oc1..aaaaaaaaqiz3fvwylh562q5clh7wnlf5anngoniuqqfmzarr6ew3kh5szppq",
            "defined_tags": {
              "Oracle-Tags.CreatedBy": "default/manoharan.s@gmail.com",
              "Oracle-Tags.CreatedOn": "2023-05-09T14:56:23.820Z"
            },
            "description": "Compartment for bastion relateds resources.",
            "enable_delete": null,
            "freeform_tags": {},
            "id": "ocid1.compartment.oc1..aaaaaaaadourolmus3kndr2i5kkthjovaxsvd6rfazqrahjpvhvyugd67mha",
            "inactive_state": null,
            "is_accessible": true,
            "name": "bastion_compartment",
            "state": "ACTIVE",
            "time_created": "2023-05-09 14:56:23.92 +0000 UTC",
            "timeouts": null
          },
          "sensitive_attributes": [],
          "private": "eyJlMmJmYjczMC1lY2FhLTExZTYtOGY4OC0zNDM2M2JjN2M0YzAiOnsiZGVsZXRlIjo1NDAwMDAwMDAwMDAwfX0="
        }
      ]
    },
    {
      "mode": "managed",
      "type": "oci_identity_compartment",
      "name": "monitoring_compartment",
      "provider": "provider[\"registry.terraform.io/hashicorp/oci\"]",
      "instances": [
        {
          "schema_version": 0,
          "attributes": {
            "compartment_id": "ocid1.tenancy.oc1..aaaaaaaaqiz3fvwylh562q5clh7wnlf5anngoniuqqfmzarr6ew3kh5szppq",
            "defined_tags": {
              "Oracle-Tags.CreatedBy": "default/manoharan.s@gmail.com",
              "Oracle-Tags.CreatedOn": "2023-05-11T04:29:27.800Z"
            },
            "description": "Compartment for mointoring related resources.",
            "enable_delete": null,
            "freeform_tags": {},
            "id": "ocid1.compartment.oc1..aaaaaaaa5uzybfk33a6nnbypagzzl6pxxd354orzfooafsinkaczq5jvprna",
            "inactive_state": null,
            "is_accessible": true,
            "name": "monitoring_compartment",
            "state": "ACTIVE",
            "time_created": "2023-05-11 04:29:27.862 +0000 UTC",
            "timeouts": null
          },
          "sensitive_attributes": [],
          "private": "eyJlMmJmYjczMC1lY2FhLTExZTYtOGY4OC0zNDM2M2JjN2M0YzAiOnsiZGVsZXRlIjo1NDAwMDAwMDAwMDAwfX0="
        }
      ]
    },
    {
      "mode": "managed",
      "type": "oci_identity_compartment",
      "name": "network_compartment",
      "provider": "provider[\"registry.terraform.io/hashicorp/oci\"]",
      "instances": [
        {
          "schema_version": 0,
          "attributes": {
            "compartment_id": "ocid1.tenancy.oc1..aaaaaaaaqiz3fvwylh562q5clh7wnlf5anngoniuqqfmzarr6ew3kh5szppq",
            "defined_tags": {
              "Oracle-Tags.CreatedBy": "default/manoharan.s@gmail.com",
              "Oracle-Tags.CreatedOn": "2023-05-09T14:56:23.835Z"
            },
            "description": "Compartment for network resources.",
            "enable_delete": null,
            "freeform_tags": {},
            "id": "ocid1.compartment.oc1..aaaaaaaa54fv2js4qi3mpxzcaz4gryjkkdzrbry7qhkf2364uz7aqxrsex3q",
            "inactive_state": null,
            "is_accessible": true,
            "name": "network_compartment",
            "state": "ACTIVE",
            "time_created": "2023-05-09 14:56:24.785 +0000 UTC",
            "timeouts": null
          },
          "sensitive_attributes": [],
          "private": "eyJlMmJmYjczMC1lY2FhLTExZTYtOGY4OC0zNDM2M2JjN2M0YzAiOnsiZGVsZXRlIjo1NDAwMDAwMDAwMDAwfX0="
        }
      ]
    },
    {
      "mode": "managed",
      "type": "oci_load_balancer_backend",
      "name": "lb_backend",
      "provider": "provider[\"registry.terraform.io/hashicorp/oci\"]",
      "instances": [
        {
          "schema_version": 0,
          "attributes": {
            "backendset_name": "lb_backend_set",
            "backup": false,
            "drain": false,
            "id": "loadBalancers/ocid1.loadbalancer.oc1.iad.aaaaaaaaf5xp2kjp3nkvistywc74aznjvdobo2whrmsd4hyfel2ug3f3qikq/backendSets/lb_backend_set/backends/10.0.1.194:8080",
            "ip_address": "10.0.1.194",
            "load_balancer_id": "ocid1.loadbalancer.oc1.iad.aaaaaaaaf5xp2kjp3nkvistywc74aznjvdobo2whrmsd4hyfel2ug3f3qikq",
            "name": "10.0.1.194:8080",
            "offline": false,
            "port": 8080,
            "state": "SUCCEEDED",
            "timeouts": null,
            "weight": 1
          },
          "sensitive_attributes": [],
          "private": "eyJlMmJmYjczMC1lY2FhLTExZTYtOGY4OC0zNDM2M2JjN2M0YzAiOnsiY3JlYXRlIjoxMjAwMDAwMDAwMDAwLCJkZWxldGUiOjEyMDAwMDAwMDAwMDAsInVwZGF0ZSI6MTIwMDAwMDAwMDAwMH19",
          "dependencies": [
            "data.oci_identity_availability_domains.ads",
            "oci_core_instance.app-compute",
            "oci_core_internet_gateway.internet_gateway",
            "oci_core_nat_gateway.nat_gateway",
            "oci_core_route_table.internet_gateway_route_table",
            "oci_core_route_table.nat_gateway_route_table",
            "oci_core_security_list.app-security-list",
            "oci_core_security_list.lb-security-list",
            "oci_core_subnet.vcn-app-private-subnet",
            "oci_core_subnet.vcn-lb-public-subnet",
            "oci_core_vcn.vcn_main",
            "oci_identity_compartment.app_compartment",
            "oci_identity_compartment.network_compartment",
            "oci_load_balancer_backend_set.lb_app_backend_set",
            "oci_load_balancer_load_balancer.lb_app"
          ]
        }
      ]
    },
    {
      "mode": "managed",
      "type": "oci_load_balancer_backend_set",
      "name": "lb_app_backend_set",
      "provider": "provider[\"registry.terraform.io/hashicorp/oci\"]",
      "instances": [
        {
          "schema_version": 0,
          "attributes": {
            "backend": [
              {
                "backup": false,
                "drain": false,
                "ip_address": "10.0.1.194",
                "name": "10.0.1.194:8080",
                "offline": false,
                "port": 8080,
                "weight": 1
              }
            ],
            "health_checker": [
              {
                "interval_ms": 10000,
                "is_force_plain_text": false,
                "port": 8080,
                "protocol": "HTTP",
                "response_body_regex": ".*",
                "retries": 3,
                "return_code": 200,
                "timeout_in_millis": 3000,
                "url_path": "/hello-world"
              }
            ],
            "id": "loadBalancers/ocid1.loadbalancer.oc1.iad.aaaaaaaaf5xp2kjp3nkvistywc74aznjvdobo2whrmsd4hyfel2ug3f3qikq/backendSets/lb_backend_set",
            "lb_cookie_session_persistence_configuration": [],
            "load_balancer_id": "ocid1.loadbalancer.oc1.iad.aaaaaaaaf5xp2kjp3nkvistywc74aznjvdobo2whrmsd4hyfel2ug3f3qikq",
            "name": "lb_backend_set",
            "policy": "LEAST_CONNECTIONS",
            "session_persistence_configuration": [],
            "ssl_configuration": [],
            "state": "SUCCEEDED",
            "timeouts": null
          },
          "sensitive_attributes": [],
          "private": "eyJlMmJmYjczMC1lY2FhLTExZTYtOGY4OC0zNDM2M2JjN2M0YzAiOnsiY3JlYXRlIjoxMjAwMDAwMDAwMDAwLCJkZWxldGUiOjEyMDAwMDAwMDAwMDAsInVwZGF0ZSI6MTIwMDAwMDAwMDAwMH19",
          "dependencies": [
            "oci_core_internet_gateway.internet_gateway",
            "oci_core_route_table.internet_gateway_route_table",
            "oci_core_security_list.lb-security-list",
            "oci_core_subnet.vcn-lb-public-subnet",
            "oci_core_vcn.vcn_main",
            "oci_identity_compartment.network_compartment",
            "oci_load_balancer_load_balancer.lb_app"
          ]
        }
      ]
    },
    {
      "mode": "managed",
      "type": "oci_load_balancer_listener",
      "name": "lb_app_listener",
      "provider": "provider[\"registry.terraform.io/hashicorp/oci\"]",
      "instances": [
        {
          "schema_version": 0,
          "attributes": {
            "connection_configuration": [
              {
                "backend_tcp_proxy_protocol_version": 0,
                "idle_timeout_in_seconds": "60"
              }
            ],
            "default_backend_set_name": "lb_backend_set",
            "hostname_names": [],
            "id": "loadBalancers/ocid1.loadbalancer.oc1.iad.aaaaaaaaf5xp2kjp3nkvistywc74aznjvdobo2whrmsd4hyfel2ug3f3qikq/listeners/listener_lb_app",
            "load_balancer_id": "ocid1.loadbalancer.oc1.iad.aaaaaaaaf5xp2kjp3nkvistywc74aznjvdobo2whrmsd4hyfel2ug3f3qikq",
            "name": "listener_lb_app",
            "path_route_set_name": null,
            "port": 80,
            "protocol": "HTTP",
            "routing_policy_name": null,
            "rule_set_names": [],
            "ssl_configuration": [],
            "state": "SUCCEEDED",
            "timeouts": null
          },
          "sensitive_attributes": [],
          "private": "eyJlMmJmYjczMC1lY2FhLTExZTYtOGY4OC0zNDM2M2JjN2M0YzAiOnsiY3JlYXRlIjoxMjAwMDAwMDAwMDAwLCJkZWxldGUiOjEyMDAwMDAwMDAwMDAsInVwZGF0ZSI6MTIwMDAwMDAwMDAwMH19",
          "dependencies": [
            "oci_core_internet_gateway.internet_gateway",
            "oci_core_route_table.internet_gateway_route_table",
            "oci_core_security_list.lb-security-list",
            "oci_core_subnet.vcn-lb-public-subnet",
            "oci_core_vcn.vcn_main",
            "oci_identity_compartment.network_compartment",
            "oci_load_balancer_backend_set.lb_app_backend_set",
            "oci_load_balancer_load_balancer.lb_app"
          ]
        }
      ]
    },
    {
      "mode": "managed",
      "type": "oci_load_balancer_load_balancer",
      "name": "lb_app",
      "provider": "provider[\"registry.terraform.io/hashicorp/oci\"]",
      "instances": [
        {
          "schema_version": 0,
          "attributes": {
            "compartment_id": "ocid1.compartment.oc1..aaaaaaaa54fv2js4qi3mpxzcaz4gryjkkdzrbry7qhkf2364uz7aqxrsex3q",
            "defined_tags": {
              "Oracle-Tags.CreatedBy": "default/manoharan.s@gmail.com",
              "Oracle-Tags.CreatedOn": "2023-05-10T15:24:20.738Z"
            },
            "display_name": "lb_app",
            "freeform_tags": {},
            "id": "ocid1.loadbalancer.oc1.iad.aaaaaaaaf5xp2kjp3nkvistywc74aznjvdobo2whrmsd4hyfel2ug3f3qikq",
            "ip_address_details": [
              {
                "ip_address": "141.148.54.205",
                "is_public": true,
                "reserved_ip": []
              }
            ],
            "ip_addresses": [
              "141.148.54.205"
            ],
            "ip_mode": "IPV4",
            "is_private": false,
            "network_security_group_ids": [],
            "reserved_ips": [],
            "shape": "10Mbps",
            "shape_details": [],
            "state": "ACTIVE",
            "subnet_ids": [
              "ocid1.subnet.oc1.iad.aaaaaaaanmukfnfociy6rktvpjngbd5buth4irxgo2udymyq32tvezvcjtja"
            ],
            "system_tags": {},
            "time_created": "2023-05-10 15:24:21.232 +0000 UTC",
            "timeouts": null
          },
          "sensitive_attributes": [],
          "private": "eyJlMmJmYjczMC1lY2FhLTExZTYtOGY4OC0zNDM2M2JjN2M0YzAiOnsiY3JlYXRlIjoxMjAwMDAwMDAwMDAwLCJkZWxldGUiOjEyMDAwMDAwMDAwMDAsInVwZGF0ZSI6MTIwMDAwMDAwMDAwMH19",
          "dependencies": [
            "oci_core_internet_gateway.internet_gateway",
            "oci_core_route_table.internet_gateway_route_table",
            "oci_core_security_list.lb-security-list",
            "oci_core_subnet.vcn-lb-public-subnet",
            "oci_core_vcn.vcn_main",
            "oci_identity_compartment.network_compartment"
          ]
        }
      ]
    }
  ]
}
